
Microsoft Visual Studio Solution File, Format Version 12.00
# Visual Studio 15
VisualStudioVersion = 15.0.28307.1831
MinimumVisualStudioVersion = 10.0.40219.1
Project("{FAE04EC0-301F-11D3-BF4B-00C04F79EFBC}") = "DemoWeb", "DemoWeb.csproj", "{D250F29E-F390-4A50-94C6-24A6CDF3D13E}"
EndProject
Global
	GlobalSection(SolutionConfigurationPlatforms) = preSolution
		Debug|Any CPU = Debug|Any CPU
		Release|Any CPU = Release|Any CPU
	EndGlobalSection
	GlobalSection(ProjectConfigurationPlatforms) = postSolution
		{D250F29E-F390-4A50-94C6-24A6CDF3D13E}.Debug|Any CPU.ActiveCfg = Debug|Any CPU
		{D250F29E-F390-4A50-94C6-24A6CDF3D13E}.Debug|Any CPU.Build.0 = Debug|Any CPU
		{D250F29E-F390-4A50-94C6-24A6CDF3D13E}.Release|Any CPU.ActiveCfg = Release|Any CPU
		{D250F29E-F390-4A50-94C6-24A6CDF3D13E}.Release|Any CPU.Build.0 = Release|Any CPU
	EndGlobalSection
	GlobalSection(SolutionProperties) = preSolution
		HideSolutionNode = FALSE
	EndGlobalSection
	GlobalSection(ExtensibilityGlobals) = postSolution
		SolutionGuid = {9988193F-6BAA-4811-BDA4-AE3AC7F92AB4}
	EndGlobalSection
EndGlobal
